Microsoft Visual Studio Solution File, Format Version 10.00
# Visual C++ Express 2008
Project("{8BC9CEB8-8B4A-11D0-8D11-00A0C91BC942}") = "mex4motifs", "mex4motifs.vcproj", "{7A43E63A-F81A-45AD-8555-0EEB808D94B9}"
EndProject
Global
	GlobalSection(SolutionConfigurationPlatforms) = preSolution
		Debug|Win32 = Debug|Win32
		Release|Win32 = Release|Win32
	EndGlobalSection
	GlobalSection(ProjectConfigurationPlatforms) = postSolution
		{7A43E63A-F81A-45AD-8555-0EEB808D94B9}.Debug|Win32.ActiveCfg = Debug|Win32
		{7A43E63A-F81A-45AD-8555-0EEB808D94B9}.Debug|Win32.Build.0 = Debug|Win32
		{7A43E63A-F81A-45AD-8555-0EEB808D94B9}.Release|Win32.ActiveCfg = Release|Win32
		{7A43E63A-F81A-45AD-8555-0EEB808D94B9}.Release|Win32.Build.0 = Release|Win32
	EndGlobalSection
	GlobalSection(SolutionProperties) = preSolution
		HideSolutionNode = FALSE
	EndGlobalSection
EndGlobal
